
Microsoft Visual Studio Solution File, Format Version 12.00
# Visual Studio Version 17
VisualStudioVersion = 17.7.34202.233
MinimumVisualStudioVersion = 10.0.40219.1
Project("{FAE04EC0-301F-11D3-BF4B-00C04F79EFBC}") = "Ejercicio1", "Ejercicio1.csproj", "{2BE890A5-F67C-4373-8909-CC8778F452ED}"
EndProject
Global
	GlobalSection(SolutionConfigurationPlatforms) = preSolution
		Debug|Any CPU = Debug|Any CPU
		Release|Any CPU = Release|Any CPU
	EndGlobalSection
	GlobalSection(ProjectConfigurationPlatforms) = postSolution
		{2BE890A5-F67C-4373-8909-CC8778F452ED}.Debug|Any CPU.ActiveCfg = Debug|Any CPU
		{2BE890A5-F67C-4373-8909-CC8778F452ED}.Debug|Any CPU.Build.0 = Debug|Any CPU
		{2BE890A5-F67C-4373-8909-CC8778F452ED}.Release|Any CPU.ActiveCfg = Release|Any CPU
		{2BE890A5-F67C-4373-8909-CC8778F452ED}.Release|Any CPU.Build.0 = Release|Any CPU
	EndGlobalSection
	GlobalSection(SolutionProperties) = preSolution
		HideSolutionNode = FALSE
	EndGlobalSection
	GlobalSection(ExtensibilityGlobals) = postSolution
		SolutionGuid = {80D4943B-BEF6-4C99-B82A-FE648C7D2619}
	EndGlobalSection
EndGlobal
